{
    "_readme": [
        "This file locks the dependencies of your project to a known state",
        "Read more about it at https://getcomposer.org/doc/01-basic-usage.md#composer-lock-the-lock-file",
        "This file is @generated automatically"
    ],
    "content-hash": "16cc001e612d6d1658c4bd2624931db5",
    "packages": [
        {
            "name": "aaronholbrook/autoload",
            "version": "dev-master",
            "source": {
                "type": "git",
                "url": "https://github.com/AaronHolbrook/autoload.git",
                "reference": "0e93ae181af43540435da6f25a593e448a8819de"
            },
            "dist": {
                "type": "zip",
                "url": "https://api.github.com/repos/AaronHolbrook/autoload/zipball/0e93ae181af43540435da6f25a593e448a8819de",
                "reference": "0e93ae181af43540435da6f25a593e448a8819de",
                "shasum": ""
            },
            "require": {
                "php": ">=5.3"
            },
            "require-dev": {
                "phpunit/phpunit": "*@stable"
            },
            "type": "library",
            "autoload": {
                "files": [
                    "autoload.php"
                ]
            },
            "notification-url": "https://packagist.org/downloads/",
            "license": [
                "MIT"
            ],
            "authors": [
                {
                    "name": "Aaron Holbrook",
                    "email": "aaron@holbrook.io",
                    "homepage": "http://aaronjholbrook.com"
                }
            ],
            "description": "Automatically and recursively require_once all files in a directory.",
            "time": "2016-05-23 21:24:36"
        }
    ],
    "packages-dev": [],
    "aliases": [],
    "minimum-stability": "dev",
    "stability-flags": {
        "aaronholbrook/autoload": 20
    },
    "prefer-stable": false,
    "prefer-lowest": false,
    "platform": {
        "php": ">=5.6"
    },
    "platform-dev": []
}
